// !$*UTF8*$!
{
	archiveVersion = 1;
	classes = {
	};
	objectVersion = 50;
	objects = {

/* Begin PBXBuildFile section */
		9ACC405023F5622E00DAF706 /* AppDelegate.swift in Sources */ = {isa = PBXBuildFile; fileRef = 9ACC404F23F5622E00DAF706 /* AppDelegate.swift */; };
		9ACC405223F5622E00DAF706 /* GameScene.sks in Resources */ = {isa = PBXBuildFile; fileRef = 9ACC405123F5622E00DAF706 /* GameScene.sks */; };
		9ACC405423F5622E00DAF706 /* Actions.sks in Resources */ = {isa = PBXBuildFile; fileRef = 9ACC405323F5622E00DAF706 /* Actions.sks */; };
		9ACC405623F5622E00DAF706 /* GameScene.swift in Sources */ = {isa = PBXBuildFile; fileRef = 9ACC405523F5622E00DAF706 /* GameScene.swift */; };
		9ACC405823F5622F00DAF706 /* ViewController.swift in Sources */ = {isa = PBXBuildFile; fileRef = 9ACC405723F5622F00DAF706 /* ViewController.swift */; };
		9ACC405A23F5623B00DAF706 /* Assets.xcassets in Resources */ = {isa = PBXBuildFile; fileRef = 9ACC405923F5623B00DAF706 /* Assets.xcassets */; };
		9ACC405D23F5623B00DAF706 /* Main.storyboard in Resources */ = {isa = PBXBuildFile; fileRef = 9ACC405B23F5623B00DAF706 /* Main.storyboard */; };
/* End PBXBuildFile section */

/* Begin PBXFileReference section */
		9ACC404C23F5622E00DAF706 /* Star_Wars.app */ = {isa = PBXFileReference; explicitFileType = wrapper.application; includeInIndex = 0; path = Star_Wars.app; sourceTree = BUILT_PRODUCTS_DIR; };
		9ACC404F23F5622E00DAF706 /* AppDelegate.swift */ = {isa = PBXFileReference; lastKnownFileType = sourcecode.swift; path = AppDelegate.swift; sourceTree = "<group>"; };
		9ACC405123F5622E00DAF706 /* GameScene.sks */ = {isa = PBXFileReference; lastKnownFileType = file.sks; path = GameScene.sks; sourceTree = "<group>"; };
		9ACC405323F5622E00DAF706 /* Actions.sks */ = {isa = PBXFileReference; lastKnownFileType = file.sks; path = Actions.sks; sourceTree = "<group>"; };
		9ACC405523F5622E00DAF706 /* GameScene.swift */ = {isa = PBXFileReference; lastKnownFileType = sourcecode.swift; path = GameScene.swift; sourceTree = "<group>"; };
		9ACC405723F5622F00DAF706 /* ViewController.swift */ = {isa = PBXFileReference; lastKnownFileType = sourcecode.swift; path = ViewController.swift; sourceTree = "<group>"; };
		9ACC405923F5623B00DAF706 /* Assets.xcassets */ = {isa = PBXFileReference; lastKnownFileType = folder.assetcatalog; path = Assets.xcassets; sourceTree = "<group>"; };
		9ACC405C23F5623B00DAF706 /* Base */ = {isa = PBXFileReference; lastKnownFileType = file.storyboard; name = Base; path = Base.lproj/Main.storyboard; sourceTree = "<group>"; };
		9ACC405E23F5623C00DAF706 /* Info.plist */ = {isa = PBXFileReference; lastKnownFileType = text.plist.xml; path = Info.plist; sourceTree = "<group>"; };
		9ACC405F23F5623C00DAF706 /* Star_Wars.entitlements */ = {isa = PBXFileReference; lastKnownFileType = text.plist.entitlements; path = Star_Wars.entitlements; sourceTree = "<group>"; };
/* End PBXFileReference section */

/* Begin PBXFrameworksBuildPhase section */
		9ACC404923F5622E00DAF706 /* Frameworks */ = {
			isa = PBXFrameworksBuildPhase;
			buildActionMask = 2147483647;
			files = (
			);
			runOnlyForDeploymentPostprocessing = 0;
		};
/* End PBXFrameworksBuildPhase section */

/* Begin PBXGroup section */
		9ACC404323F5622E00DAF706 = {
			isa = PBXGroup;
			children = (
				9ACC404E23F5622E00DAF706 /* Star_Wars */,
				9ACC404D23F5622E00DAF706 /* Products */,
			);
			sourceTree = "<group>";
		};
		9ACC404D23F5622E00DAF706 /* Products */ = {
			isa = PBXGroup;
			children = (
				9ACC404C23F5622E00DAF706 /* Star_Wars.app */,
			);
			name = Products;
			sourceTree = "<group>";
		};
		9ACC404E23F5622E00DAF706 /* Star_Wars */ = {
			isa = PBXGroup;
			children = (
				9ACC404F23F5622E00DAF706 /* AppDelegate.swift */,
				9ACC405123F5622E00DAF706 /* GameScene.sks */,
				9ACC405323F5622E00DAF706 /* Actions.sks */,
				9ACC405523F5622E00DAF706 /* GameScene.swift */,
				9ACC405723F5622F00DAF706 /* ViewController.swift */,
				9ACC405923F5623B00DAF706 /* Assets.xcassets */,
				9ACC405B23F5623B00DAF706 /* Main.storyboard */,
				9ACC405E23F5623C00DAF706 /* Info.plist */,
				9ACC405F23F5623C00DAF706 /* Star_Wars.entitlements */,
			);
			path = Star_Wars;
			sourceTree = "<group>";
		};
/* End PBXGroup section */

/* Begin PBXNativeTarget section */
		9ACC404B23F5622E00DAF706 /* Star_Wars */ = {
			isa = PBXNativeTarget;
			buildConfigurationList = 9ACC406223F5623C00DAF706 /* Build configuration list for PBXNativeTarget "Star_Wars" */;
			buildPhases = (
				9ACC404823F5622E00DAF706 /* Sources */,
				9ACC404923F5622E00DAF706 /* Frameworks */,
				9ACC404A23F5622E00DAF706 /* Resources */,
			);
			buildRules = (
			);
			dependencies = (
			);
			name = Star_Wars;
			productName = Star_Wars;
			productReference = 9ACC404C23F5622E00DAF706 /* Star_Wars.app */;
			productType = "com.apple.product-type.application";
		};
/* End PBXNativeTarget section */

/* Begin PBXProject section */
		9ACC404423F5622E00DAF706 /* Project object */ = {
			isa = PBXProject;
			attributes = {
				LastSwiftUpdateCheck = 1130;
				LastUpgradeCheck = 1130;
				ORGANIZATIONNAME = "KABA Saran";
				TargetAttributes = {
					9ACC404B23F5622E00DAF706 = {
						CreatedOnToolsVersion = 11.3.1;
					};
				};
			};
			buildConfigurationList = 9ACC404723F5622E00DAF706 /* Build configuration list for PBXProject "Star_Wars" */;
			compatibilityVersion = "Xcode 9.3";
			developmentRegion = en;
			hasScannedForEncodings = 0;
			knownRegions = (
				en,
				Base,
			);
			mainGroup = 9ACC404323F5622E00DAF706;
			productRefGroup = 9ACC404D23F5622E00DAF706 /* Products */;
			projectDirPath = "";
			projectRoot = "";
			targets = (
				9ACC404B23F5622E00DAF706 /* Star_Wars */,
			);
		};
/* End PBXProject section */

/* Begin PBXResourcesBuildPhase section */
		9ACC404A23F5622E00DAF706 /* Resources */ = {
			isa = PBXResourcesBuildPhase;
			buildActionMask = 2147483647;
			files = (
				9ACC405223F5622E00DAF706 /* GameScene.sks in Resources */,
				9ACC405A23F5623B00DAF706 /* Assets.xcassets in Resources */,
				9ACC405423F5622E00DAF706 /* Actions.sks in Resources */,
				9ACC405D23F5623B00DAF706 /* Main.storyboard in Resources */,
			);
			runOnlyForDeploymentPostprocessing = 0;
		};
/* End PBXResourcesBuildPhase section */

/* Begin PBXSourcesBuildPhase section */
		9ACC404823F5622E00DAF706 /* Sources */ = {
			isa = PBXSourcesBuildPhase;
			buildActionMask = 2147483647;
			files = (
				9ACC405823F5622F00DAF706 /* ViewController.swift in Sources */,
				9ACC405623F5622E00DAF706 /* GameScene.swift in Sources */,
				9ACC405023F5622E00DAF706 /* AppDelegate.swift in Sources */,
			);
			runOnlyForDeploymentPostprocessing = 0;
		};
/* End PBXSourcesBuildPhase section */

/* Begin PBXVariantGroup section */
		9ACC405B23F5623B00DAF706 /* Main.storyboard */ = {
			isa = PBXVariantGroup;
			children = (
				9ACC405C23F5623B00DAF706 /* Base */,
			);
			name = Main.storyboard;
			sourceTree = "<group>";
		};
/* End PBXVariantGroup section */

/* Begin XCBuildConfiguration section */
		9ACC406023F5623C00DAF706 /* Debug */ = {
			isa = XCBuildConfiguration;
			buildSettings = {
				ALWAYS_SEARCH_USER_PATHS = NO;
				CLANG_ANALYZER_NONNULL = YES;
				CLANG_ANALYZER_NUMBER_OBJECT_CONVERSION = YES_AGGRESSIVE;
				CLANG_CXX_LANGUAGE_STANDARD = "gnu++14";
				CLANG_CXX_LIBRARY = "libc++";
				CLANG_ENABLE_MODULES = YES;
				CLANG_ENABLE_OBJC_ARC = YES;
				CLANG_ENABLE_OBJC_WEAK = YES;
				CLANG_WARN_BLOCK_CAPTURE_AUTORELEASING = YES;
				CLANG_WARN_BOOL_CONVERSION = YES;
				CLANG_WARN_COMMA = YES;
				CLANG_WARN_CONSTANT_CONVERSION = YES;
				CLANG_WARN_DEPRECATED_OBJC_IMPLEMENTATIONS = YES;
				CLANG_WARN_DIRECT_OBJC_ISA_USAGE = YES_ERROR;
				CLANG_WARN_DOCUMENTATION_COMMENTS = YES;
				CLANG_WARN_EMPTY_BODY = YES;
				CLANG_WARN_ENUM_CONVERSION = YES;
				CLANG_WARN_INFINITE_RECURSION = YES;
				CLANG_WARN_INT_CONVERSION = YES;
				CLANG_WARN_NON_LITERAL_NULL_CONVERSION = YES;
				CLANG_WARN_OBJC_IMPLICIT_RETAIN_SELF = YES;
				CLANG_WARN_OBJC_LITERAL_CONVERSION = YES;
				CLANG_WARN_OBJC_ROOT_CLASS = YES_ERROR;
				CLANG_WARN_RANGE_LOOP_ANALYSIS = YES;
				CLANG_WARN_STRICT_PROTOTYPES = YES;
				CLANG_WARN_SUSPICIOUS_MOVE = YES;
				CLANG_WARN_UNGUARDED_AVAILABILITY = YES_AGGRESSIVE;
				CLANG_WARN_UNREACHABLE_CODE = YES;
				CLANG_WARN__DUPLICATE_METHOD_MATCH = YES;
				COPY_PHASE_STRIP = NO;
				DEBUG_INFORMATION_FORMAT = dwarf;
				ENABLE_STRICT_OBJC_MSGSEND = YES;
				ENABLE_TESTABILITY = YES;
				GCC_C_LANGUAGE_STANDARD = gnu11;
				GCC_DYNAMIC_NO_PIC = NO;
				GCC_NO_COMMON_BLOCKS = YES;
				GCC_OPTIMIZATION_LEVEL = 0;
				GCC_PREPROCESSOR_DEFINITIONS = (
					"DEBUG=1",
					"$(inherited)",
				);
				GCC_WARN_64_TO_32_BIT_CONVERSION = YES;
				GCC_WARN_ABOUT_RETURN_TYPE = YES_ERROR;
				GCC_WARN_UNDECLARED_SELECTOR = YES;
				GCC_WARN_UNINITIALIZED_AUTOS = YES_AGGRESSIVE;
				GCC_WARN_UNUSED_FUNCTION = YES;
				GCC_WARN_UNUSED_VARIABLE = YES;
				MACOSX_DEPLOYMENT_TARGET = 10.15;
				MTL_ENABLE_DEBUG_INFO = INCLUDE_SOURCE;
				MTL_FAST_MATH = YES;
				ONLY_ACTIVE_ARCH = YES;
				SDKROOT = macosx;
				SWIFT_ACTIVE_COMPILATION_CONDITIONS = DEBUG;
				SWIFT_OPTIMIZATION_LEVEL = "-Onone";
			};
			name = Debug;
		};
		9ACC406123F5623C00DAF706 /* Release */ = {
			isa = XCBuildConfiguration;
			buildSettings = {
				ALWAYS_SEARCH_USER_PATHS = NO;
				CLANG_ANALYZER_NONNULL = YES;
				CLANG_ANALYZER_NUMBER_OBJECT_CONVERSION = YES_AGGRESSIVE;
				CLANG_CXX_LANGUAGE_STANDARD = "gnu++14";
				CLANG_CXX_LIBRARY = "libc++";
				CLANG_ENABLE_MODULES = YES;
				CLANG_ENABLE_OBJC_ARC = YES;
				CLANG_ENABLE_OBJC_WEAK = YES;
				CLANG_WARN_BLOCK_CAPTURE_AUTORELEASING = YES;
				CLANG_WARN_BOOL_CONVERSION = YES;
				CLANG_WARN_COMMA = YES;
				CLANG_WARN_CONSTANT_CONVERSION = YES;
				CLANG_WARN_DEPRECATED_OBJC_IMPLEMENTATIONS = YES;
				CLANG_WARN_DIRECT_OBJC_ISA_USAGE = YES_ERROR;
				CLANG_WARN_DOCUMENTATION_COMMENTS = YES;
				CLANG_WARN_EMPTY_BODY = YES;
				CLANG_WARN_ENUM_CONVERSION = YES;
				CLANG_WARN_INFINITE_RECURSION = YES;
				CLANG_WARN_INT_CONVERSION = YES;
				CLANG_WARN_NON_LITERAL_NULL_CONVERSION = YES;
				CLANG_WARN_OBJC_IMPLICIT_RETAIN_SELF = YES;
				CLANG_WARN_OBJC_LITERAL_CONVERSION = YES;
				CLANG_WARN_OBJC_ROOT_CLASS = YES_ERROR;
				CLANG_WARN_RANGE_LOOP_ANALYSIS = YES;
				CLANG_WARN_STRICT_PROTOTYPES = YES;
				CLANG_WARN_SUSPICIOUS_MOVE = YES;
				CLANG_WARN_UNGUARDED_AVAILABILITY = YES_AGGRESSIVE;
				CLANG_WARN_UNREACHABLE_CODE = YES;
				CLANG_WARN__DUPLICATE_METHOD_MATCH = YES;
				COPY_PHASE_STRIP = NO;
				DEBUG_INFORMATION_FORMAT = "dwarf-with-dsym";
				ENABLE_NS_ASSERTIONS = NO;
				ENABLE_STRICT_OBJC_MSGSEND = YES;
				GCC_C_LANGUAGE_STANDARD = gnu11;
				GCC_NO_COMMON_BLOCKS = YES;
				GCC_WARN_64_TO_32_BIT_CONVERSION = YES;
				GCC_WARN_ABOUT_RETURN_TYPE = YES_ERROR;
				GCC_WARN_UNDECLARED_SELECTOR = YES;
				GCC_WARN_UNINITIALIZED_AUTOS = YES_AGGRESSIVE;
				GCC_WARN_UNUSED_FUNCTION = YES;
				GCC_WARN_UNUSED_VARIABLE = YES;
				MACOSX_DEPLOYMENT_TARGET = 10.15;
				MTL_ENABLE_DEBUG_INFO = NO;
				MTL_FAST_MATH = YES;
				SDKROOT = macosx;
				SWIFT_COMPILATION_MODE = wholemodule;
				SWIFT_OPTIMIZATION_LEVEL = "-O";
			};
			name = Release;
		};
		9ACC406323F5623C00DAF706 /* Debug */ = {
			isa = XCBuildConfiguration;
			buildSettings = {
				ASSETCATALOG_COMPILER_APPICON_NAME = AppIcon;
				CODE_SIGN_ENTITLEMENTS = Star_Wars/Star_Wars.entitlements;
				CODE_SIGN_STYLE = Automatic;
				COMBINE_HIDPI_IMAGES = YES;
				DEVELOPMENT_TEAM = DHD8V3YNLR;
				ENABLE_HARDENED_RUNTIME = YES;
				INFOPLIST_FILE = Star_Wars/Info.plist;
				LD_RUNPATH_SEARCH_PATHS = (
					"$(inherited)",
					"@executable_path/../Frameworks",
				);
				PRODUCT_BUNDLE_IDENTIFIER = "org.kaba.Star-Wars";
				PRODUCT_NAME = "$(TARGET_NAME)";
				SWIFT_VERSION = 5.0;
			};
			name = Debug;
		};
		9ACC406423F5623C00DAF706 /* Release */ = {
			isa = XCBuildConfiguration;
			buildSettings = {
				ASSETCATALOG_COMPILER_APPICON_NAME = AppIcon;
				CODE_SIGN_ENTITLEMENTS = Star_Wars/Star_Wars.entitlements;
				CODE_SIGN_STYLE = Automatic;
				COMBINE_HIDPI_IMAGES = YES;
				DEVELOPMENT_TEAM = DHD8V3YNLR;
				ENABLE_HARDENED_RUNTIME = YES;
				INFOPLIST_FILE = Star_Wars/Info.plist;
				LD_RUNPATH_SEARCH_PATHS = (
					"$(inherited)",
					"@executable_path/../Frameworks",
				);
				PRODUCT_BUNDLE_IDENTIFIER = "org.kaba.Star-Wars";
				PRODUCT_NAME = "$(TARGET_NAME)";
				SWIFT_VERSION = 5.0;
			};
			name = Release;
		};
/* End XCBuildConfiguration section */

/* Begin XCConfigurationList section */
		9ACC404723F5622E00DAF706 /* Build configuration list for PBXProject "Star_Wars" */ = {
			isa = XCConfigurationList;
			buildConfigurations = (
				9ACC406023F5623C00DAF706 /* Debug */,
				9ACC406123F5623C00DAF706 /* Release */,
			);
			defaultConfigurationIsVisible = 0;
			defaultConfigurationName = Release;
		};
		9ACC406223F5623C00DAF706 /* Build configuration list for PBXNativeTarget "Star_Wars" */ = {
			isa = XCConfigurationList;
			buildConfigurations = (
				9ACC406323F5623C00DAF706 /* Debug */,
				9ACC406423F5623C00DAF706 /* Release */,
			);
			defaultConfigurationIsVisible = 0;
			defaultConfigurationName = Release;
		};
/* End XCConfigurationList section */
	};
	rootObject = 9ACC404423F5622E00DAF706 /* Project object */;
}
